// !$*UTF8*$!
{
	archiveVersion = 1;
	classes = {
	};
	objectVersion = 50;
	objects = {

/* Begin PBXBuildFile section */
		5265C9AE24434AF800C80111 /* Images.xcassets in Resources */ = {isa = PBXBuildFile; fileRef = 5265C9A024434AF700C80111 /* Images.xcassets */; };
		5265C9AF24434AF800C80111 /* ScoopCell.swift in Sources */ = {isa = PBXBuildFile; fileRef = 5265C9A224434AF700C80111 /* ScoopCell.swift */; };
		5265C9B024434AF800C80111 /* ScoopView.swift in Sources */ = {isa = PBXBuildFile; fileRef = 5265C9A324434AF700C80111 /* ScoopView.swift */; };
		5265C9B124434AF800C80111 /* Main.storyboard in Resources */ = {isa = PBXBuildFile; fileRef = 5265C9A424434AF700C80111 /* Main.storyboard */; };
		5265C9B224434AF800C80111 /* IceCreamView.swift in Sources */ = {isa = PBXBuildFile; fileRef = 5265C9A624434AF700C80111 /* IceCreamView.swift */; };
		5265C9B324434AF800C80111 /* Flavor.swift in Sources */ = {isa = PBXBuildFile; fileRef = 5265C9A824434AF700C80111 /* Flavor.swift */; };
		5265C9B424434AF800C80111 /* PickFlavorViewController.swift in Sources */ = {isa = PBXBuildFile; fileRef = 5265C9AA24434AF700C80111 /* PickFlavorViewController.swift */; };
		5265C9B524434AF800C80111 /* PickFlavorDataSource.swift in Sources */ = {isa = PBXBuildFile; fileRef = 5265C9AB24434AF700C80111 /* PickFlavorDataSource.swift */; };
		5265C9B624434AF800C80111 /* RGBAColorFromString.swift in Sources */ = {isa = PBXBuildFile; fileRef = 5265C9AD24434AF700C80111 /* RGBAColorFromString.swift */; };
		529B23512443485A000F1982 /* RWPickFlavor.h in Headers */ = {isa = PBXBuildFile; fileRef = 529B234F2443485A000F1982 /* RWPickFlavor.h */; settings = {ATTRIBUTES = (Public, ); }; };
		67CCB36C0194BAAF5C896559 /* libPods-RWPickFlavor.a in Frameworks */ = {isa = PBXBuildFile; fileRef = D06A2AC7E802CB1D4E7EE4E0 /* libPods-RWPickFlavor.a */; };
/* End PBXBuildFile section */

/* Begin PBXFileReference section */
		0FE75F508861E21AB2B879C7 /* Pods-RWPickFlavor.release.xcconfig */ = {isa = PBXFileReference; includeInIndex = 1; lastKnownFileType = text.xcconfig; name = "Pods-RWPickFlavor.release.xcconfig"; path = "Target Support Files/Pods-RWPickFlavor/Pods-RWPickFlavor.release.xcconfig"; sourceTree = "<group>"; };
		5265C9A024434AF700C80111 /* Images.xcassets */ = {isa = PBXFileReference; lastKnownFileType = folder.assetcatalog; path = Images.xcassets; sourceTree = "<group>"; };
		5265C9A224434AF700C80111 /* ScoopCell.swift */ = {isa = PBXFileReference; fileEncoding = 4; lastKnownFileType = sourcecode.swift; path = ScoopCell.swift; sourceTree = "<group>"; };
		5265C9A324434AF700C80111 /* ScoopView.swift */ = {isa = PBXFileReference; fileEncoding = 4; lastKnownFileType = sourcecode.swift; path = ScoopView.swift; sourceTree = "<group>"; };
		5265C9A524434AF700C80111 /* Base */ = {isa = PBXFileReference; lastKnownFileType = file.storyboard; name = Base; path = Base.lproj/Main.storyboard; sourceTree = "<group>"; };
		5265C9A624434AF700C80111 /* IceCreamView.swift */ = {isa = PBXFileReference; fileEncoding = 4; lastKnownFileType = sourcecode.swift; path = IceCreamView.swift; sourceTree = "<group>"; };
		5265C9A824434AF700C80111 /* Flavor.swift */ = {isa = PBXFileReference; fileEncoding = 4; lastKnownFileType = sourcecode.swift; path = Flavor.swift; sourceTree = "<group>"; };
		5265C9AA24434AF700C80111 /* PickFlavorViewController.swift */ = {isa = PBXFileReference; fileEncoding = 4; lastKnownFileType = sourcecode.swift; path = PickFlavorViewController.swift; sourceTree = "<group>"; };
		5265C9AB24434AF700C80111 /* PickFlavorDataSource.swift */ = {isa = PBXFileReference; fileEncoding = 4; lastKnownFileType = sourcecode.swift; path = PickFlavorDataSource.swift; sourceTree = "<group>"; };
		5265C9AD24434AF700C80111 /* RGBAColorFromString.swift */ = {isa = PBXFileReference; fileEncoding = 4; lastKnownFileType = sourcecode.swift; path = RGBAColorFromString.swift; sourceTree = "<group>"; };
		529B234C2443485A000F1982 /* RWPickFlavor.framework */ = {isa = PBXFileReference; explicitFileType = wrapper.framework; includeInIndex = 0; path = RWPickFlavor.framework; sourceTree = BUILT_PRODUCTS_DIR; };
		529B234F2443485A000F1982 /* RWPickFlavor.h */ = {isa = PBXFileReference; lastKnownFileType = sourcecode.c.h; path = RWPickFlavor.h; sourceTree = "<group>"; };
		529B23502443485A000F1982 /* Info.plist */ = {isa = PBXFileReference; lastKnownFileType = text.plist.xml; path = Info.plist; sourceTree = "<group>"; };
		6E84A6E24AC17466B9C4DF27 /* Pods-RWPickFlavor.debug.xcconfig */ = {isa = PBXFileReference; includeInIndex = 1; lastKnownFileType = text.xcconfig; name = "Pods-RWPickFlavor.debug.xcconfig"; path = "Target Support Files/Pods-RWPickFlavor/Pods-RWPickFlavor.debug.xcconfig"; sourceTree = "<group>"; };
		D06A2AC7E802CB1D4E7EE4E0 /* libPods-RWPickFlavor.a */ = {isa = PBXFileReference; explicitFileType = archive.ar; includeInIndex = 0; path = "libPods-RWPickFlavor.a"; sourceTree = BUILT_PRODUCTS_DIR; };
/* End PBXFileReference section */

/* Begin PBXFrameworksBuildPhase section */
		529B23492443485A000F1982 /* Frameworks */ = {
			isa = PBXFrameworksBuildPhase;
			buildActionMask = 2147483647;
			files = (
				67CCB36C0194BAAF5C896559 /* libPods-RWPickFlavor.a in Frameworks */,
			);
			runOnlyForDeploymentPostprocessing = 0;
		};
/* End PBXFrameworksBuildPhase section */

/* Begin PBXGroup section */
		520DEE0F0E4B3158872350D2 /* Frameworks */ = {
			isa = PBXGroup;
			children = (
				D06A2AC7E802CB1D4E7EE4E0 /* libPods-RWPickFlavor.a */,
			);
			name = Frameworks;
			sourceTree = "<group>";
		};
		5265C99F24434AF700C80111 /* Resources */ = {
			isa = PBXGroup;
			children = (
				5265C9A024434AF700C80111 /* Images.xcassets */,
			);
			path = Resources;
			sourceTree = "<group>";
		};
		5265C9A124434AF700C80111 /* Views */ = {
			isa = PBXGroup;
			children = (
				5265C9A224434AF700C80111 /* ScoopCell.swift */,
				5265C9A324434AF700C80111 /* ScoopView.swift */,
				5265C9A424434AF700C80111 /* Main.storyboard */,
				5265C9A624434AF700C80111 /* IceCreamView.swift */,
			);
			path = Views;
			sourceTree = "<group>";
		};
		5265C9A724434AF700C80111 /* Models */ = {
			isa = PBXGroup;
			children = (
				5265C9A824434AF700C80111 /* Flavor.swift */,
			);
			path = Models;
			sourceTree = "<group>";
		};
		5265C9A924434AF700C80111 /* Controllers */ = {
			isa = PBXGroup;
			children = (
				5265C9AA24434AF700C80111 /* PickFlavorViewController.swift */,
				5265C9AB24434AF700C80111 /* PickFlavorDataSource.swift */,
			);
			path = Controllers;
			sourceTree = "<group>";
		};
		5265C9AC24434AF700C80111 /* Categories */ = {
			isa = PBXGroup;
			children = (
				5265C9AD24434AF700C80111 /* RGBAColorFromString.swift */,
			);
			path = Categories;
			sourceTree = "<group>";
		};
		529B23422443485A000F1982 = {
			isa = PBXGroup;
			children = (
				529B234E2443485A000F1982 /* RWPickFlavor */,
				529B234D2443485A000F1982 /* Products */,
				87BC238F74D1D0911F923068 /* Pods */,
				520DEE0F0E4B3158872350D2 /* Frameworks */,
			);
			sourceTree = "<group>";
		};
		529B234D2443485A000F1982 /* Products */ = {
			isa = PBXGroup;
			children = (
				529B234C2443485A000F1982 /* RWPickFlavor.framework */,
			);
			name = Products;
			sourceTree = "<group>";
		};
		529B234E2443485A000F1982 /* RWPickFlavor */ = {
			isa = PBXGroup;
			children = (
				5265C9AC24434AF700C80111 /* Categories */,
				5265C9A924434AF700C80111 /* Controllers */,
				5265C9A724434AF700C80111 /* Models */,
				5265C99F24434AF700C80111 /* Resources */,
				5265C9A124434AF700C80111 /* Views */,
				529B234F2443485A000F1982 /* RWPickFlavor.h */,
				529B23502443485A000F1982 /* Info.plist */,
			);
			path = RWPickFlavor;
			sourceTree = "<group>";
		};
		87BC238F74D1D0911F923068 /* Pods */ = {
			isa = PBXGroup;
			children = (
				6E84A6E24AC17466B9C4DF27 /* Pods-RWPickFlavor.debug.xcconfig */,
				0FE75F508861E21AB2B879C7 /* Pods-RWPickFlavor.release.xcconfig */,
			);
			path = Pods;
			sourceTree = "<group>";
		};
/* End PBXGroup section */

/* Begin PBXHeadersBuildPhase section */
		529B23472443485A000F1982 /* Headers */ = {
			isa = PBXHeadersBuildPhase;
			buildActionMask = 2147483647;
			files = (
				529B23512443485A000F1982 /* RWPickFlavor.h in Headers */,
			);
			runOnlyForDeploymentPostprocessing = 0;
		};
/* End PBXHeadersBuildPhase section */

/* Begin PBXNativeTarget section */
		529B234B2443485A000F1982 /* RWPickFlavor */ = {
			isa = PBXNativeTarget;
			buildConfigurationList = 529B23542443485A000F1982 /* Build configuration list for PBXNativeTarget "RWPickFlavor" */;
			buildPhases = (
				19B20137A84CF3561F31D4A2 /* [CP] Check Pods Manifest.lock */,
				529B23472443485A000F1982 /* Headers */,
				529B23482443485A000F1982 /* Sources */,
				529B23492443485A000F1982 /* Frameworks */,
				529B234A2443485A000F1982 /* Resources */,
			);
			buildRules = (
			);
			dependencies = (
			);
			name = RWPickFlavor;
			productName = RWPickFlavor;
			productReference = 529B234C2443485A000F1982 /* RWPickFlavor.framework */;
			productType = "com.apple.product-type.framework";
		};
/* End PBXNativeTarget section */

/* Begin PBXProject section */
		529B23432443485A000F1982 /* Project object */ = {
			isa = PBXProject;
			attributes = {
				LastUpgradeCheck = 1140;
				ORGANIZATIONNAME = Test;
				TargetAttributes = {
					529B234B2443485A000F1982 = {
						CreatedOnToolsVersion = 11.4;
					};
				};
			};
			buildConfigurationList = 529B23462443485A000F1982 /* Build configuration list for PBXProject "RWPickFlavor" */;
			compatibilityVersion = "Xcode 9.3";
			developmentRegion = en;
			hasScannedForEncodings = 0;
			knownRegions = (
				en,
				Base,
			);
			mainGroup = 529B23422443485A000F1982;
			productRefGroup = 529B234D2443485A000F1982 /* Products */;
			projectDirPath = "";
			projectRoot = "";
			targets = (
				529B234B2443485A000F1982 /* RWPickFlavor */,
			);
		};
/* End PBXProject section */

/* Begin PBXResourcesBuildPhase section */
		529B234A2443485A000F1982 /* Resources */ = {
			isa = PBXResourcesBuildPhase;
			buildActionMask = 2147483647;
			files = (
				5265C9AE24434AF800C80111 /* Images.xcassets in Resources */,
				5265C9B124434AF800C80111 /* Main.storyboard in Resources */,
			);
			runOnlyForDeploymentPostprocessing = 0;
		};
/* End PBXResourcesBuildPhase section */

/* Begin PBXShellScriptBuildPhase section */
		19B20137A84CF3561F31D4A2 /* [CP] Check Pods Manifest.lock */ = {
			isa = PBXShellScriptBuildPhase;
			buildActionMask = 2147483647;
			files = (
			);
			inputFileListPaths = (
			);
			inputPaths = (
				"${PODS_PODFILE_DIR_PATH}/Podfile.lock",
				"${PODS_ROOT}/Manifest.lock",
			);
			name = "[CP] Check Pods Manifest.lock";
			outputFileListPaths = (
			);
			outputPaths = (
				"$(DERIVED_FILE_DIR)/Pods-RWPickFlavor-checkManifestLockResult.txt",
			);
			runOnlyForDeploymentPostprocessing = 0;
			shellPath = /bin/sh;
			shellScript = "diff \"${PODS_PODFILE_DIR_PATH}/Podfile.lock\" \"${PODS_ROOT}/Manifest.lock\" > /dev/null\nif [ $? != 0 ] ; then\n    # print error to STDERR\n    echo \"error: The sandbox is not in sync with the Podfile.lock. Run 'pod install' or update your CocoaPods installation.\" >&2\n    exit 1\nfi\n# This output is used by Xcode 'outputs' to avoid re-running this script phase.\necho \"SUCCESS\" > \"${SCRIPT_OUTPUT_FILE_0}\"\n";
			showEnvVarsInLog = 0;
		};
/* End PBXShellScriptBuildPhase section */

/* Begin PBXSourcesBuildPhase section */
		529B23482443485A000F1982 /* Sources */ = {
			isa = PBXSourcesBuildPhase;
			buildActionMask = 2147483647;
			files = (
				5265C9B624434AF800C80111 /* RGBAColorFromString.swift in Sources */,
				5265C9AF24434AF800C80111 /* ScoopCell.swift in Sources */,
				5265C9B524434AF800C80111 /* PickFlavorDataSource.swift in Sources */,
				5265C9B324434AF800C80111 /* Flavor.swift in Sources */,
				5265C9B024434AF800C80111 /* ScoopView.swift in Sources */,
				5265C9B224434AF800C80111 /* IceCreamView.swift in Sources */,
				5265C9B424434AF800C80111 /* PickFlavorViewController.swift in Sources */,
			);
			runOnlyForDeploymentPostprocessing = 0;
		};
/* End PBXSourcesBuildPhase section */

/* Begin PBXVariantGroup section */
		5265C9A424434AF700C80111 /* Main.storyboard */ = {
			isa = PBXVariantGroup;
			children = (
				5265C9A524434AF700C80111 /* Base */,
			);
			name = Main.storyboard;
			sourceTree = "<group>";
		};
/* End PBXVariantGroup section */

/* Begin XCBuildConfiguration section */
		529B23522443485A000F1982 /* Debug */ = {
			isa = XCBuildConfiguration;
			buildSettings = {
				ALWAYS_SEARCH_USER_PATHS = NO;
				CLANG_ANALYZER_NONNULL = YES;
				CLANG_ANALYZER_NUMBER_OBJECT_CONVERSION = YES_AGGRESSIVE;
				CLANG_CXX_LANGUAGE_STANDARD = "gnu++14";
				CLANG_CXX_LIBRARY = "libc++";
				CLANG_ENABLE_MODULES = YES;
				CLANG_ENABLE_OBJC_ARC = YES;
				CLANG_ENABLE_OBJC_WEAK = YES;
				CLANG_WARN_BLOCK_CAPTURE_AUTORELEASING = YES;
				CLANG_WARN_BOOL_CONVERSION = YES;
				CLANG_WARN_COMMA = YES;
				CLANG_WARN_CONSTANT_CONVERSION = YES;
				CLANG_WARN_DEPRECATED_OBJC_IMPLEMENTATIONS = YES;
				CLANG_WARN_DIRECT_OBJC_ISA_USAGE = YES_ERROR;
				CLANG_WARN_DOCUMENTATION_COMMENTS = YES;
				CLANG_WARN_EMPTY_BODY = YES;
				CLANG_WARN_ENUM_CONVERSION = YES;
				CLANG_WARN_INFINITE_RECURSION = YES;
				CLANG_WARN_INT_CONVERSION = YES;
				CLANG_WARN_NON_LITERAL_NULL_CONVERSION = YES;
				CLANG_WARN_OBJC_IMPLICIT_RETAIN_SELF = YES;
				CLANG_WARN_OBJC_LITERAL_CONVERSION = YES;
				CLANG_WARN_OBJC_ROOT_CLASS = YES_ERROR;
				CLANG_WARN_RANGE_LOOP_ANALYSIS = YES;
				CLANG_WARN_STRICT_PROTOTYPES = YES;
				CLANG_WARN_SUSPICIOUS_MOVE = YES;
				CLANG_WARN_UNGUARDED_AVAILABILITY = YES_AGGRESSIVE;
				CLANG_WARN_UNREACHABLE_CODE = YES;
				CLANG_WARN__DUPLICATE_METHOD_MATCH = YES;
				COPY_PHASE_STRIP = NO;
				CURRENT_PROJECT_VERSION = 1;
				DEBUG_INFORMATION_FORMAT = dwarf;
				ENABLE_STRICT_OBJC_MSGSEND = YES;
				ENABLE_TESTABILITY = YES;
				GCC_C_LANGUAGE_STANDARD = gnu11;
				GCC_DYNAMIC_NO_PIC = NO;
				GCC_NO_COMMON_BLOCKS = YES;
				GCC_OPTIMIZATION_LEVEL = 0;
				GCC_PREPROCESSOR_DEFINITIONS = (
					"DEBUG=1",
					"$(inherited)",
				);
				GCC_WARN_64_TO_32_BIT_CONVERSION = YES;
				GCC_WARN_ABOUT_RETURN_TYPE = YES_ERROR;
				GCC_WARN_UNDECLARED_SELECTOR = YES;
				GCC_WARN_UNINITIALIZED_AUTOS = YES_AGGRESSIVE;
				GCC_WARN_UNUSED_FUNCTION = YES;
				GCC_WARN_UNUSED_VARIABLE = YES;
				IPHONEOS_DEPLOYMENT_TARGET = 13.4;
				MTL_ENABLE_DEBUG_INFO = INCLUDE_SOURCE;
				MTL_FAST_MATH = YES;
				ONLY_ACTIVE_ARCH = YES;
				SDKROOT = iphoneos;
				SWIFT_ACTIVE_COMPILATION_CONDITIONS = DEBUG;
				SWIFT_OPTIMIZATION_LEVEL = "-Onone";
				VERSIONING_SYSTEM = "apple-generic";
				VERSION_INFO_PREFIX = "";
			};
			name = Debug;
		};
		529B23532443485A000F1982 /* Release */ = {
			isa = XCBuildConfiguration;
			buildSettings = {
				ALWAYS_SEARCH_USER_PATHS = NO;
				CLANG_ANALYZER_NONNULL = YES;
				CLANG_ANALYZER_NUMBER_OBJECT_CONVERSION = YES_AGGRESSIVE;
				CLANG_CXX_LANGUAGE_STANDARD = "gnu++14";
				CLANG_CXX_LIBRARY = "libc++";
				CLANG_ENABLE_MODULES = YES;
				CLANG_ENABLE_OBJC_ARC = YES;
				CLANG_ENABLE_OBJC_WEAK = YES;
				CLANG_WARN_BLOCK_CAPTURE_AUTORELEASING = YES;
				CLANG_WARN_BOOL_CONVERSION = YES;
				CLANG_WARN_COMMA = YES;
				CLANG_WARN_CONSTANT_CONVERSION = YES;
				CLANG_WARN_DEPRECATED_OBJC_IMPLEMENTATIONS = YES;
				CLANG_WARN_DIRECT_OBJC_ISA_USAGE = YES_ERROR;
				CLANG_WARN_DOCUMENTATION_COMMENTS = YES;
				CLANG_WARN_EMPTY_BODY = YES;
				CLANG_WARN_ENUM_CONVERSION = YES;
				CLANG_WARN_INFINITE_RECURSION = YES;
				CLANG_WARN_INT_CONVERSION = YES;
				CLANG_WARN_NON_LITERAL_NULL_CONVERSION = YES;
				CLANG_WARN_OBJC_IMPLICIT_RETAIN_SELF = YES;
				CLANG_WARN_OBJC_LITERAL_CONVERSION = YES;
				CLANG_WARN_OBJC_ROOT_CLASS = YES_ERROR;
				CLANG_WARN_RANGE_LOOP_ANALYSIS = YES;
				CLANG_WARN_STRICT_PROTOTYPES = YES;
				CLANG_WARN_SUSPICIOUS_MOVE = YES;
				CLANG_WARN_UNGUARDED_AVAILABILITY = YES_AGGRESSIVE;
				CLANG_WARN_UNREACHABLE_CODE = YES;
				CLANG_WARN__DUPLICATE_METHOD_MATCH = YES;
				COPY_PHASE_STRIP = NO;
				CURRENT_PROJECT_VERSION = 1;
				DEBUG_INFORMATION_FORMAT = "dwarf-with-dsym";
				ENABLE_NS_ASSERTIONS = NO;
				ENABLE_STRICT_OBJC_MSGSEND = YES;
				GCC_C_LANGUAGE_STANDARD = gnu11;
				GCC_NO_COMMON_BLOCKS = YES;
				GCC_WARN_64_TO_32_BIT_CONVERSION = YES;
				GCC_WARN_ABOUT_RETURN_TYPE = YES_ERROR;
				GCC_WARN_UNDECLARED_SELECTOR = YES;
				GCC_WARN_UNINITIALIZED_AUTOS = YES_AGGRESSIVE;
				GCC_WARN_UNUSED_FUNCTION = YES;
				GCC_WARN_UNUSED_VARIABLE = YES;
				IPHONEOS_DEPLOYMENT_TARGET = 13.4;
				MTL_ENABLE_DEBUG_INFO = NO;
				MTL_FAST_MATH = YES;
				SDKROOT = iphoneos;
				SWIFT_COMPILATION_MODE = wholemodule;
				SWIFT_OPTIMIZATION_LEVEL = "-O";
				VALIDATE_PRODUCT = YES;
				VERSIONING_SYSTEM = "apple-generic";
				VERSION_INFO_PREFIX = "";
			};
			name = Release;
		};
		529B23552443485A000F1982 /* Debug */ = {
			isa = XCBuildConfiguration;
			baseConfigurationReference = 6E84A6E24AC17466B9C4DF27 /* Pods-RWPickFlavor.debug.xcconfig */;
			buildSettings = {
				CODE_SIGN_STYLE = Automatic;
				DEFINES_MODULE = YES;
				DEVELOPMENT_TEAM = M7JRQVQ8FX;
				DYLIB_COMPATIBILITY_VERSION = 1;
				DYLIB_CURRENT_VERSION = 1;
				DYLIB_INSTALL_NAME_BASE = "@rpath";
				INFOPLIST_FILE = RWPickFlavor/Info.plist;
				INSTALL_PATH = "$(LOCAL_LIBRARY_DIR)/Frameworks";
				LD_RUNPATH_SEARCH_PATHS = (
					"$(inherited)",
					"@executable_path/Frameworks",
					"@loader_path/Frameworks",
				);
				PRODUCT_BUNDLE_IDENTIFIER = com.jylike.RWPickFlavor;
				PRODUCT_NAME = "$(TARGET_NAME:c99extidentifier)";
				SKIP_INSTALL = YES;
				SWIFT_VERSION = 5.0;
				TARGETED_DEVICE_FAMILY = "1,2";
			};
			name = Debug;
		};
		529B23562443485A000F1982 /* Release */ = {
			isa = XCBuildConfiguration;
			baseConfigurationReference = 0FE75F508861E21AB2B879C7 /* Pods-RWPickFlavor.release.xcconfig */;
			buildSettings = {
				CODE_SIGN_STYLE = Automatic;
				DEFINES_MODULE = YES;
				DEVELOPMENT_TEAM = M7JRQVQ8FX;
				DYLIB_COMPATIBILITY_VERSION = 1;
				DYLIB_CURRENT_VERSION = 1;
				DYLIB_INSTALL_NAME_BASE = "@rpath";
				INFOPLIST_FILE = RWPickFlavor/Info.plist;
				INSTALL_PATH = "$(LOCAL_LIBRARY_DIR)/Frameworks";
				LD_RUNPATH_SEARCH_PATHS = (
					"$(inherited)",
					"@executable_path/Frameworks",
					"@loader_path/Frameworks",
				);
				PRODUCT_BUNDLE_IDENTIFIER = com.jylike.RWPickFlavor;
				PRODUCT_NAME = "$(TARGET_NAME:c99extidentifier)";
				SKIP_INSTALL = YES;
				SWIFT_VERSION = 5.0;
				TARGETED_DEVICE_FAMILY = "1,2";
			};
			name = Release;
		};
/* End XCBuildConfiguration section */

/* Begin XCConfigurationList section */
		529B23462443485A000F1982 /* Build configuration list for PBXProject "RWPickFlavor" */ = {
			isa = XCConfigurationList;
			buildConfigurations = (
				529B23522443485A000F1982 /* Debug */,
				529B23532443485A000F1982 /* Release */,
			);
			defaultConfigurationIsVisible = 0;
			defaultConfigurationName = Release;
		};
		529B23542443485A000F1982 /* Build configuration list for PBXNativeTarget "RWPickFlavor" */ = {
			isa = XCConfigurationList;
			buildConfigurations = (
				529B23552443485A000F1982 /* Debug */,
				529B23562443485A000F1982 /* Release */,
			);
			defaultConfigurationIsVisible = 0;
			defaultConfigurationName = Release;
		};
/* End XCConfigurationList section */
	};
	rootObject = 529B23432443485A000F1982 /* Project object */;
}
